
Microsoft Visual Studio Solution File, Format Version 12.00
# Visual Studio Version 17
VisualStudioVersion = 17.4.33213.308
MinimumVisualStudioVersion = 10.0.40219.1
Project("{8BC9CEB8-8B4A-11D0-8D11-00A0C91BC942}") = "Shapes", "Shapes\Shapes.vcxproj", "{F9F2174E-D878-4A82-B2CB-766004847DC1}"
EndProject
Project("{8BC9CEB8-8B4A-11D0-8D11-00A0C91BC942}") = "Shapes_tests", "Shapes_tests\Shapes_tests.vcxproj", "{22B2955F-5715-46EA-B37F-479931E38D21}"
EndProject
Project("{2150E333-8FDC-42A3-9474-1A3956D46DE8}") = "Solution Items", "Solution Items", "{7CF9C81F-F19E-460C-8F87-D4E48ADCE600}"
	ProjectSection(SolutionItems) = preProject
		Shapes\input.txt = Shapes\input.txt
	EndProjectSection
EndProject
Global
	GlobalSection(SolutionConfigurationPlatforms) = preSolution
		Debug|x64 = Debug|x64
		Debug|x86 = Debug|x86
		Release|x64 = Release|x64
		Release|x86 = Release|x86
	EndGlobalSection
	GlobalSection(ProjectConfigurationPlatforms) = postSolution
		{F9F2174E-D878-4A82-B2CB-766004847DC1}.Debug|x64.ActiveCfg = Debug|x64
		{F9F2174E-D878-4A82-B2CB-766004847DC1}.Debug|x64.Build.0 = Debug|x64
		{F9F2174E-D878-4A82-B2CB-766004847DC1}.Debug|x86.ActiveCfg = Debug|Win32
		{F9F2174E-D878-4A82-B2CB-766004847DC1}.Debug|x86.Build.0 = Debug|Win32
		{F9F2174E-D878-4A82-B2CB-766004847DC1}.Release|x64.ActiveCfg = Release|x64
		{F9F2174E-D878-4A82-B2CB-766004847DC1}.Release|x64.Build.0 = Release|x64
		{F9F2174E-D878-4A82-B2CB-766004847DC1}.Release|x86.ActiveCfg = Release|Win32
		{F9F2174E-D878-4A82-B2CB-766004847DC1}.Release|x86.Build.0 = Release|Win32
		{22B2955F-5715-46EA-B37F-479931E38D21}.Debug|x64.ActiveCfg = Debug|x64
		{22B2955F-5715-46EA-B37F-479931E38D21}.Debug|x64.Build.0 = Debug|x64
		{22B2955F-5715-46EA-B37F-479931E38D21}.Debug|x86.ActiveCfg = Debug|Win32
		{22B2955F-5715-46EA-B37F-479931E38D21}.Debug|x86.Build.0 = Debug|Win32
		{22B2955F-5715-46EA-B37F-479931E38D21}.Release|x64.ActiveCfg = Release|x64
		{22B2955F-5715-46EA-B37F-479931E38D21}.Release|x64.Build.0 = Release|x64
		{22B2955F-5715-46EA-B37F-479931E38D21}.Release|x86.ActiveCfg = Release|Win32
		{22B2955F-5715-46EA-B37F-479931E38D21}.Release|x86.Build.0 = Release|Win32
	EndGlobalSection
	GlobalSection(SolutionProperties) = preSolution
		HideSolutionNode = FALSE
	EndGlobalSection
	GlobalSection(ExtensibilityGlobals) = postSolution
		SolutionGuid = {83B8D835-4753-4088-A0F1-1821E584D77A}
	EndGlobalSection
EndGlobal
